
Microsoft Visual Studio Solution File, Format Version 12.00
# Visual Studio Version 17
VisualStudioVersion = 17.9.34616.47
MinimumVisualStudioVersion = 10.0.40219.1
Project("{8BC9CEB8-8B4A-11D0-8D11-00A0C91BC942}") = "number2", "number2\number2.vcxproj", "{1D10577A-0360-4CCD-B2A0-00B1A2C21D04}"
EndProject
Global
	GlobalSection(SolutionConfigurationPlatforms) = preSolution
		Debug|x64 = Debug|x64
		Debug|x86 = Debug|x86
		Release|x64 = Release|x64
		Release|x86 = Release|x86
	EndGlobalSection
	GlobalSection(ProjectConfigurationPlatforms) = postSolution
		{1D10577A-0360-4CCD-B2A0-00B1A2C21D04}.Debug|x64.ActiveCfg = Debug|x64
		{1D10577A-0360-4CCD-B2A0-00B1A2C21D04}.Debug|x64.Build.0 = Debug|x64
		{1D10577A-0360-4CCD-B2A0-00B1A2C21D04}.Debug|x86.ActiveCfg = Debug|Win32
		{1D10577A-0360-4CCD-B2A0-00B1A2C21D04}.Debug|x86.Build.0 = Debug|Win32
		{1D10577A-0360-4CCD-B2A0-00B1A2C21D04}.Release|x64.ActiveCfg = Release|x64
		{1D10577A-0360-4CCD-B2A0-00B1A2C21D04}.Release|x64.Build.0 = Release|x64
		{1D10577A-0360-4CCD-B2A0-00B1A2C21D04}.Release|x86.ActiveCfg = Release|Win32
		{1D10577A-0360-4CCD-B2A0-00B1A2C21D04}.Release|x86.Build.0 = Release|Win32
	EndGlobalSection
	GlobalSection(SolutionProperties) = preSolution
		HideSolutionNode = FALSE
	EndGlobalSection
	GlobalSection(ExtensibilityGlobals) = postSolution
		SolutionGuid = {8C95415E-8990-4328-8F04-CCBC79C46D70}
	EndGlobalSection
EndGlobal
